
Microsoft Visual Studio Solution File, Format Version 10.00
# Visual Studio 2008
Project("{8BC9CEB8-8B4A-11D0-8D11-00A0C91BC942}") = "cppJSONTest", "cppJSONTest\cppJSONTest.vcproj", "{33EC7ECA-B132-4CB7-8D8A-1B3FF84907FD}"
EndProject
Global
	GlobalSection(SolutionConfigurationPlatforms) = preSolution
		Debug|Win32 = Debug|Win32
		Release|Win32 = Release|Win32
	EndGlobalSection
	GlobalSection(ProjectConfigurationPlatforms) = postSolution
		{33EC7ECA-B132-4CB7-8D8A-1B3FF84907FD}.Debug|Win32.ActiveCfg = Debug|Win32
		{33EC7ECA-B132-4CB7-8D8A-1B3FF84907FD}.Debug|Win32.Build.0 = Debug|Win32
		{33EC7ECA-B132-4CB7-8D8A-1B3FF84907FD}.Release|Win32.ActiveCfg = Release|Win32
		{33EC7ECA-B132-4CB7-8D8A-1B3FF84907FD}.Release|Win32.Build.0 = Release|Win32
	EndGlobalSection
	GlobalSection(SolutionProperties) = preSolution
		HideSolutionNode = FALSE
	EndGlobalSection
EndGlobal
